
Microsoft Visual Studio Solution File, Format Version 12.00
# Visual Studio Version 17
VisualStudioVersion = 17.6.33513.286
MinimumVisualStudioVersion = 10.0.40219.1
Project("{FAE04EC0-301F-11D3-BF4B-00C04F79EFBC}") = "Walterlv.EdidReader", "Walterlv.EdidReader\Walterlv.EdidReader.csproj", "{DD190B13-D0E3-4069-A7A2-C5DEC8E58175}"
EndProject
Global
	GlobalSection(SolutionConfigurationPlatforms) = preSolution
		Debug|Any CPU = Debug|Any CPU
		Release|Any CPU = Release|Any CPU
	EndGlobalSection
	GlobalSection(ProjectConfigurationPlatforms) = postSolution
		{DD190B13-D0E3-4069-A7A2-C5DEC8E58175}.Debug|Any CPU.ActiveCfg = Debug|Any CPU
		{DD190B13-D0E3-4069-A7A2-C5DEC8E58175}.Debug|Any CPU.Build.0 = Debug|Any CPU
		{DD190B13-D0E3-4069-A7A2-C5DEC8E58175}.Release|Any CPU.ActiveCfg = Release|Any CPU
		{DD190B13-D0E3-4069-A7A2-C5DEC8E58175}.Release|Any CPU.Build.0 = Release|Any CPU
	EndGlobalSection
	GlobalSection(SolutionProperties) = preSolution
		HideSolutionNode = FALSE
	EndGlobalSection
	GlobalSection(ExtensibilityGlobals) = postSolution
		SolutionGuid = {4F94FA66-99B6-452A-831A-11F9BE117775}
	EndGlobalSection
EndGlobal
